# This file is automatically @generated by Cargo.
# It is not intended for manual editing.
[[package]]
name = "Rust-Fluid-Simulation"
version = "0.1.0"
dependencies = [
 "olc_pixel_game_engine",
]

[[package]]
name = "cc"
version = "1.0.66"
source = "registry+https://github.com/rust-lang/crates.io-index"
checksum = "4c0496836a84f8d0495758516b8621a622beb77c0fed418570e50764093ced48"

[[package]]
name = "olc_pixel_game_engine"
version = "0.5.0"
source = "registry+https://github.com/rust-lang/crates.io-index"
checksum = "61a531308b2d28f774e8e75d9e02d056888f2122e31dbd7c69955419d564dbfe"
dependencies = [
 "cc",
]
